
Microsoft Visual Studio Solution File, Format Version 12.00
# Visual Studio 15
VisualStudioVersion = 15.0.27703.2018
MinimumVisualStudioVersion = 10.0.40219.1
Project("{8BC9CEB8-8B4A-11D0-8D11-00A0C91BC942}") = "Minic", "Minic\Minic.vcxproj", "{F38AB3ED-9DDD-4803-B045-E7D77E4A9847}"
EndProject
Global
	GlobalSection(SolutionConfigurationPlatforms) = preSolution
		Debug|x64 = Debug|x64
		Debug|x86 = Debug|x86
		Release|x64 = Release|x64
		Release|x86 = Release|x86
	EndGlobalSection
	GlobalSection(ProjectConfigurationPlatforms) = postSolution
		{F38AB3ED-9DDD-4803-B045-E7D77E4A9847}.Debug|x64.ActiveCfg = Debug|x64
		{F38AB3ED-9DDD-4803-B045-E7D77E4A9847}.Debug|x64.Build.0 = Debug|x64
		{F38AB3ED-9DDD-4803-B045-E7D77E4A9847}.Debug|x86.ActiveCfg = Debug|Win32
		{F38AB3ED-9DDD-4803-B045-E7D77E4A9847}.Debug|x86.Build.0 = Debug|Win32
		{F38AB3ED-9DDD-4803-B045-E7D77E4A9847}.Release|x64.ActiveCfg = Release|x64
		{F38AB3ED-9DDD-4803-B045-E7D77E4A9847}.Release|x64.Build.0 = Release|x64
		{F38AB3ED-9DDD-4803-B045-E7D77E4A9847}.Release|x86.ActiveCfg = Release|Win32
		{F38AB3ED-9DDD-4803-B045-E7D77E4A9847}.Release|x86.Build.0 = Release|Win32
	EndGlobalSection
	GlobalSection(SolutionProperties) = preSolution
		HideSolutionNode = FALSE
	EndGlobalSection
	GlobalSection(ExtensibilityGlobals) = postSolution
		SolutionGuid = {43A92A5B-1F1C-48A1-BB42-E42F0DA17C13}
	EndGlobalSection
	GlobalSection(Performance) = preSolution
		HasPerformanceSessions = true
	EndGlobalSection
EndGlobal
